
Microsoft Visual Studio Solution File, Format Version 11.00
# Visual Studio 2010
Project("{FAE04EC0-301F-11D3-BF4B-00C04F79EFBC}") = "Assembly-CSharp-firstpass", "Assembly-CSharp-firstpass.csproj", "{729f7407-0233-fd66-710b-19576c7309c5}"
EndProject
Project("{FAE04EC0-301F-11D3-BF4B-00C04F79EFBC}") = "Assembly-CSharp", "Assembly-CSharp.csproj", "{ba1f090f-5518-5335-c2b4-aac7c3e8c202}"
EndProject
Project("{FAE04EC0-301F-11D3-BF4B-00C04F79EFBC}") = "Assembly-CSharp-Editor-firstpass", "Assembly-CSharp-Editor-firstpass.csproj", "{fb5473ba-db0a-7364-0bc4-149fad690fb1}"
EndProject
Global
	GlobalSection(SolutionConfigurationPlatforms) = preSolution
		Debug|Any CPU = Debug|Any CPU
		Release|Any CPU = Release|Any CPU
	EndGlobalSection
	GlobalSection(ProjectConfigurationPlatforms) = postSolution
		{729f7407-0233-fd66-710b-19576c7309c5}.Debug|Any CPU.ActiveCfg = Debug|Any CPU
		{729f7407-0233-fd66-710b-19576c7309c5}.Debug|Any CPU.Build.0 = Debug|Any CPU
		{729f7407-0233-fd66-710b-19576c7309c5}.Release|Any CPU.ActiveCfg = Release|Any CPU
		{729f7407-0233-fd66-710b-19576c7309c5}.Release|Any CPU.Build.0 = Release|Any CPU
		{ba1f090f-5518-5335-c2b4-aac7c3e8c202}.Debug|Any CPU.ActiveCfg = Debug|Any CPU
		{ba1f090f-5518-5335-c2b4-aac7c3e8c202}.Debug|Any CPU.Build.0 = Debug|Any CPU
		{ba1f090f-5518-5335-c2b4-aac7c3e8c202}.Release|Any CPU.ActiveCfg = Release|Any CPU
		{ba1f090f-5518-5335-c2b4-aac7c3e8c202}.Release|Any CPU.Build.0 = Release|Any CPU
		{fb5473ba-db0a-7364-0bc4-149fad690fb1}.Debug|Any CPU.ActiveCfg = Debug|Any CPU
		{fb5473ba-db0a-7364-0bc4-149fad690fb1}.Debug|Any CPU.Build.0 = Debug|Any CPU
		{fb5473ba-db0a-7364-0bc4-149fad690fb1}.Release|Any CPU.ActiveCfg = Release|Any CPU
		{fb5473ba-db0a-7364-0bc4-149fad690fb1}.Release|Any CPU.Build.0 = Release|Any CPU
	EndGlobalSection
	GlobalSection(SolutionProperties) = preSolution
		HideSolutionNode = FALSE
	EndGlobalSection
EndGlobal
